
Microsoft Visual Studio Solution File, Format Version 12.00
# Visual Studio 15
VisualStudioVersion = 15.0.26730.3
MinimumVisualStudioVersion = 10.0.40219.1
Project("{FAE04EC0-301F-11D3-BF4B-00C04F79EFBC}") = "Exercicio 1", "Exercicio 1\Exercicio 1.csproj", "{CA91D0D5-18CD-4800-A54E-86201BA44165}"
EndProject
Global
	GlobalSection(SolutionConfigurationPlatforms) = preSolution
		Debug|Any CPU = Debug|Any CPU
		Release|Any CPU = Release|Any CPU
	EndGlobalSection
	GlobalSection(ProjectConfigurationPlatforms) = postSolution
		{CA91D0D5-18CD-4800-A54E-86201BA44165}.Debug|Any CPU.ActiveCfg = Debug|Any CPU
		{CA91D0D5-18CD-4800-A54E-86201BA44165}.Debug|Any CPU.Build.0 = Debug|Any CPU
		{CA91D0D5-18CD-4800-A54E-86201BA44165}.Release|Any CPU.ActiveCfg = Release|Any CPU
		{CA91D0D5-18CD-4800-A54E-86201BA44165}.Release|Any CPU.Build.0 = Release|Any CPU
	EndGlobalSection
	GlobalSection(SolutionProperties) = preSolution
		HideSolutionNode = FALSE
	EndGlobalSection
	GlobalSection(ExtensibilityGlobals) = postSolution
		SolutionGuid = {99DB0B97-5B1A-4667-A73C-36E2BEA474D8}
	EndGlobalSection
EndGlobal
